
Microsoft Visual Studio Solution File, Format Version 12.00
# Visual Studio Version 16
VisualStudioVersion = 16.0.31205.134
MinimumVisualStudioVersion = 10.0.40219.1
Project("{9A19103F-16F7-4668-BE54-9A1E7A4F7556}") = "WebAPI", "WebAPI\WebAPI.csproj", "{1789435A-08C6-48AC-A17C-AF7B111FEF73}"
EndProject
Project("{9A19103F-16F7-4668-BE54-9A1E7A4F7556}") = "DataAccess", "DataAccess\DataAccess.csproj", "{C48ECCED-59D8-4BB1-8257-12EB9E42CAAB}"
EndProject
Project("{9A19103F-16F7-4668-BE54-9A1E7A4F7556}") = "Business", "Business\Business.csproj", "{995715B4-3538-49EC-BFA4-8FBD74774018}"
EndProject
Project("{9A19103F-16F7-4668-BE54-9A1E7A4F7556}") = "Core", "Core\Core.csproj", "{6B9B728F-3614-4425-90A7-E62AB6091667}"
EndProject
Project("{9A19103F-16F7-4668-BE54-9A1E7A4F7556}") = "Entities", "Entities\Entities.csproj", "{24EC974E-A790-464A-9486-C95DA331C54C}"
EndProject
Project("{9A19103F-16F7-4668-BE54-9A1E7A4F7556}") = "Tests", "Tests\Tests.csproj", "{FED76160-97DA-4813-AC71-A84703E9BFC5}"
EndProject
Project("{E24C65DC-7377-472B-9ABA-BC803B73C61A}") = "WCF", "WCF\", "{009980DF-435E-4A7F-8D79-939C9D3A5459}"
	ProjectSection(WebsiteProperties) = preProject
		TargetFrameworkMoniker = ".NETFramework,Version%3Dv4.6"
		ProjectReferences = "{995715b4-3538-49ec-bfa4-8fbd74774018}|Business.dll;{6b9b728f-3614-4425-90a7-e62ab6091667}|Core.dll;{c48ecced-59d8-4bb1-8257-12eb9e42caab}|DataAccess.dll;{24ec974e-a790-464a-9486-c95da331c54c}|Entities.dll;"
		Debug.AspNetCompiler.VirtualPath = "/localhost_52576"
		Debug.AspNetCompiler.PhysicalPath = "WCF\"
		Debug.AspNetCompiler.TargetPath = "PrecompiledWeb\localhost_52576\"
		Debug.AspNetCompiler.Updateable = "true"
		Debug.AspNetCompiler.ForceOverwrite = "true"
		Debug.AspNetCompiler.FixedNames = "false"
		Debug.AspNetCompiler.Debug = "True"
		Release.AspNetCompiler.VirtualPath = "/localhost_52576"
		Release.AspNetCompiler.PhysicalPath = "WCF\"
		Release.AspNetCompiler.TargetPath = "PrecompiledWeb\localhost_52576\"
		Release.AspNetCompiler.Updateable = "true"
		Release.AspNetCompiler.ForceOverwrite = "true"
		Release.AspNetCompiler.FixedNames = "false"
		Release.AspNetCompiler.Debug = "False"
		VWDPort = "52576"
		SlnRelativePath = "WCF\"
		DefaultWebSiteLanguage = "Visual C#"
	EndProjectSection
EndProject
Global
	GlobalSection(SolutionConfigurationPlatforms) = preSolution
		Debug|Any CPU = Debug|Any CPU
		Release|Any CPU = Release|Any CPU
	EndGlobalSection
	GlobalSection(ProjectConfigurationPlatforms) = postSolution
		{1789435A-08C6-48AC-A17C-AF7B111FEF73}.Debug|Any CPU.ActiveCfg = Debug|Any CPU
		{1789435A-08C6-48AC-A17C-AF7B111FEF73}.Debug|Any CPU.Build.0 = Debug|Any CPU
		{1789435A-08C6-48AC-A17C-AF7B111FEF73}.Release|Any CPU.ActiveCfg = Release|Any CPU
		{1789435A-08C6-48AC-A17C-AF7B111FEF73}.Release|Any CPU.Build.0 = Release|Any CPU
		{C48ECCED-59D8-4BB1-8257-12EB9E42CAAB}.Debug|Any CPU.ActiveCfg = Debug|Any CPU
		{C48ECCED-59D8-4BB1-8257-12EB9E42CAAB}.Debug|Any CPU.Build.0 = Debug|Any CPU
		{C48ECCED-59D8-4BB1-8257-12EB9E42CAAB}.Release|Any CPU.ActiveCfg = Release|Any CPU
		{C48ECCED-59D8-4BB1-8257-12EB9E42CAAB}.Release|Any CPU.Build.0 = Release|Any CPU
		{995715B4-3538-49EC-BFA4-8FBD74774018}.Debug|Any CPU.ActiveCfg = Debug|Any CPU
		{995715B4-3538-49EC-BFA4-8FBD74774018}.Debug|Any CPU.Build.0 = Debug|Any CPU
		{995715B4-3538-49EC-BFA4-8FBD74774018}.Release|Any CPU.ActiveCfg = Release|Any CPU
		{995715B4-3538-49EC-BFA4-8FBD74774018}.Release|Any CPU.Build.0 = Release|Any CPU
		{6B9B728F-3614-4425-90A7-E62AB6091667}.Debug|Any CPU.ActiveCfg = Debug|Any CPU
		{6B9B728F-3614-4425-90A7-E62AB6091667}.Debug|Any CPU.Build.0 = Debug|Any CPU
		{6B9B728F-3614-4425-90A7-E62AB6091667}.Release|Any CPU.ActiveCfg = Release|Any CPU
		{6B9B728F-3614-4425-90A7-E62AB6091667}.Release|Any CPU.Build.0 = Release|Any CPU
		{24EC974E-A790-464A-9486-C95DA331C54C}.Debug|Any CPU.ActiveCfg = Debug|Any CPU
		{24EC974E-A790-464A-9486-C95DA331C54C}.Debug|Any CPU.Build.0 = Debug|Any CPU
		{24EC974E-A790-464A-9486-C95DA331C54C}.Release|Any CPU.ActiveCfg = Release|Any CPU
		{24EC974E-A790-464A-9486-C95DA331C54C}.Release|Any CPU.Build.0 = Release|Any CPU
		{FED76160-97DA-4813-AC71-A84703E9BFC5}.Debug|Any CPU.ActiveCfg = Debug|Any CPU
		{FED76160-97DA-4813-AC71-A84703E9BFC5}.Debug|Any CPU.Build.0 = Debug|Any CPU
		{FED76160-97DA-4813-AC71-A84703E9BFC5}.Release|Any CPU.ActiveCfg = Release|Any CPU
		{FED76160-97DA-4813-AC71-A84703E9BFC5}.Release|Any CPU.Build.0 = Release|Any CPU
		{009980DF-435E-4A7F-8D79-939C9D3A5459}.Debug|Any CPU.ActiveCfg = Debug|Any CPU
		{009980DF-435E-4A7F-8D79-939C9D3A5459}.Debug|Any CPU.Build.0 = Debug|Any CPU
		{009980DF-435E-4A7F-8D79-939C9D3A5459}.Release|Any CPU.ActiveCfg = Debug|Any CPU
		{009980DF-435E-4A7F-8D79-939C9D3A5459}.Release|Any CPU.Build.0 = Debug|Any CPU
	EndGlobalSection
	GlobalSection(SolutionProperties) = preSolution
		HideSolutionNode = FALSE
	EndGlobalSection
	GlobalSection(ExtensibilityGlobals) = postSolution
		SolutionGuid = {064BB37D-8190-4FAD-9DE8-75448B4CA80A}
	EndGlobalSection
EndGlobal
